
Microsoft Visual Studio Solution File, Format Version 10.00
# Visual C++ Express 2008
Project("{8BC9CEB8-8B4A-11D0-8D11-00A0C91BC942}") = "test", "prj\test\test-09x.vcproj", "{B6A84AC1-5459-4C0A-9C8F-E2E22129F4FA}"
EndProject
Project("{8BC9CEB8-8B4A-11D0-8D11-00A0C91BC942}") = "plot", "prj\plot\plot-09x.vcproj", "{DCF1E340-AA4F-484E-95DC-A277428F5128}"
EndProject
Global
	GlobalSection(SolutionConfigurationPlatforms) = preSolution
		Debug|Win32 = Debug|Win32
		Release|Win32 = Release|Win32
	EndGlobalSection
	GlobalSection(ProjectConfigurationPlatforms) = postSolution
		{B6A84AC1-5459-4C0A-9C8F-E2E22129F4FA}.Debug|Win32.ActiveCfg = Debug|Win32
		{B6A84AC1-5459-4C0A-9C8F-E2E22129F4FA}.Debug|Win32.Build.0 = Debug|Win32
		{B6A84AC1-5459-4C0A-9C8F-E2E22129F4FA}.Release|Win32.ActiveCfg = Release|Win32
		{B6A84AC1-5459-4C0A-9C8F-E2E22129F4FA}.Release|Win32.Build.0 = Release|Win32
		{DCF1E340-AA4F-484E-95DC-A277428F5128}.Debug|Win32.ActiveCfg = Debug|Win32
		{DCF1E340-AA4F-484E-95DC-A277428F5128}.Debug|Win32.Build.0 = Debug|Win32
		{DCF1E340-AA4F-484E-95DC-A277428F5128}.Release|Win32.ActiveCfg = Release|Win32
		{DCF1E340-AA4F-484E-95DC-A277428F5128}.Release|Win32.Build.0 = Release|Win32
	EndGlobalSection
	GlobalSection(SolutionProperties) = preSolution
		HideSolutionNode = FALSE
	EndGlobalSection
EndGlobal
