<?xml version="1.0" encoding="utf-8"?>
<Project ToolsVersion="4.0" xmlns="http://schemas.microsoft.com/developer/msbuild/2003">
  <ItemGroup>
    <Filter Include="Source Files">
      <UniqueIdentifier>{4FC737F1-C7A5-4376-A066-2A32D752A2FF}</UniqueIdentifier>
      <Extensions>cpp;c;cc;cxx;def;odl;idl;hpj;bat;asm;asmx</Extensions>
    </Filter>
    <Filter Include="Header Files">
      <UniqueIdentifier>{93995380-89BD-4b04-88EB-625FBE52EBFB}</UniqueIdentifier>
      <Extensions>h;hpp;hxx;hm;inl;inc;xsd</Extensions>
    </Filter>
    <Filter Include="Resource Files">
      <UniqueIdentifier>{67DA6AB6-F800-4c08-8B7A-83BB121AAD01}</UniqueIdentifier>
      <Extensions>rc;ico;cur;bmp;dlg;rc2;rct;bin;rgs;gif;jpg;jpeg;jpe;resx;tiff;tif;png;wav</Extensions>
    </Filter>
    <Filter Include="OMNI Library">
      <UniqueIdentifier>{23af24f5-7587-4aba-9337-617b984fdf53}</UniqueIdentifier>
    </Filter>
  </ItemGroup>
  <ItemGroup>
    <ClCompile Include="WinMain.cpp">
      <Filter>Source Files</Filter>
    </ClCompile>
    <ClCompile Include="..\..\src\omni\defs.cpp">
      <Filter>OMNI Library</Filter>
    </ClCompile>
    <ClCompile Include="..\..\src\omni\misc.cpp">
      <Filter>OMNI Library</Filter>
    </ClCompile>
    <ClCompile Include="..\..\src\omni\plot.cpp">
      <Filter>OMNI Library</Filter>
    </ClCompile>
    <ClCompile Include="..\..\src\omni\pool.cpp">
      <Filter>OMNI Library</Filter>
    </ClCompile>
    <ClCompile Include="..\..\src\omni\rand.cpp">
      <Filter>OMNI Library</Filter>
    </ClCompile>
    <ClCompile Include="..\..\src\omni\smart.cpp">
      <Filter>OMNI Library</Filter>
    </ClCompile>
    <ClCompile Include="..\..\src\omni\sync.cpp">
      <Filter>OMNI Library</Filter>
    </ClCompile>
    <ClCompile Include="..\..\src\omni\util.cpp">
      <Filter>OMNI Library</Filter>
    </ClCompile>
  </ItemGroup>
  <ItemGroup>
    <ClInclude Include="..\..\src\omni\defs.hpp">
      <Filter>OMNI Library</Filter>
    </ClInclude>
    <ClInclude Include="..\..\src\omni\misc.hpp">
      <Filter>OMNI Library</Filter>
    </ClInclude>
    <ClInclude Include="..\..\src\omni\plot.hpp">
      <Filter>OMNI Library</Filter>
    </ClInclude>
    <ClInclude Include="..\..\src\omni\pool.hpp">
      <Filter>OMNI Library</Filter>
    </ClInclude>
    <ClInclude Include="..\..\src\omni\rand.hpp">
      <Filter>OMNI Library</Filter>
    </ClInclude>
    <ClInclude Include="..\..\src\omni\smart.hpp">
      <Filter>OMNI Library</Filter>
    </ClInclude>
    <ClInclude Include="..\..\src\omni\sync.hpp">
      <Filter>OMNI Library</Filter>
    </ClInclude>
    <ClInclude Include="..\..\src\omni\util.hpp">
      <Filter>OMNI Library</Filter>
    </ClInclude>
  </ItemGroup>
</Project>