<?xml version="1.0" encoding="utf-8"?>
<Project ToolsVersion="4.0" xmlns="http://schemas.microsoft.com/developer/msbuild/2003">
  <ItemGroup>
    <Filter Include="OMNI Library">
      <UniqueIdentifier>{acff14f1-a6cd-44ff-b29c-403d7b4f27f7}</UniqueIdentifier>
    </Filter>
    <Filter Include="TEST Files">
      <UniqueIdentifier>{5bacc29d-ec0c-49e8-84d2-e43c764adbbe}</UniqueIdentifier>
    </Filter>
  </ItemGroup>
  <ItemGroup>
    <ClCompile Include="..\main_test.cpp" />
    <ClCompile Include="..\src\test\test.cpp">
      <Filter>TEST Files</Filter>
    </ClCompile>
  </ItemGroup>
  <ItemGroup>
    <ClInclude Include="..\src\omni\defs.hpp">
      <Filter>OMNI Library</Filter>
    </ClInclude>
    <ClInclude Include="..\src\omni\omni.hpp">
      <Filter>OMNI Library</Filter>
    </ClInclude>
    <ClInclude Include="..\src\test\test.hpp">
      <Filter>TEST Files</Filter>
    </ClInclude>
  </ItemGroup>
</Project>