<?xml version="1.0" encoding="utf-8"?>
<Project ToolsVersion="4.0" xmlns="http://schemas.microsoft.com/developer/msbuild/2003">
  <ItemGroup>
    <Filter Include="OMNI Library">
      <UniqueIdentifier>{acff14f1-a6cd-44ff-b29c-403d7b4f27f7}</UniqueIdentifier>
    </Filter>
    <Filter Include="OMNI Library\dsp">
      <UniqueIdentifier>{1361bf0d-d9a5-4f56-8e66-c10cf0447112}</UniqueIdentifier>
    </Filter>
    <Filter Include="TEST Files">
      <UniqueIdentifier>{5bacc29d-ec0c-49e8-84d2-e43c764adbbe}</UniqueIdentifier>
    </Filter>
  </ItemGroup>
  <ItemGroup>
    <ClCompile Include="..\src\omni\calc.cpp">
      <Filter>OMNI Library</Filter>
    </ClCompile>
    <ClCompile Include="..\src\omni\conf.cpp">
      <Filter>OMNI Library</Filter>
    </ClCompile>
    <ClCompile Include="..\src\omni\defs.cpp">
      <Filter>OMNI Library</Filter>
    </ClCompile>
    <ClCompile Include="..\src\omni\matmath.cpp">
      <Filter>OMNI Library</Filter>
    </ClCompile>
    <ClCompile Include="..\src\omni\matrix.cpp">
      <Filter>OMNI Library</Filter>
    </ClCompile>
    <ClCompile Include="..\src\omni\misc.cpp">
      <Filter>OMNI Library</Filter>
    </ClCompile>
    <ClCompile Include="..\src\omni\pool.cpp">
      <Filter>OMNI Library</Filter>
    </ClCompile>
    <ClCompile Include="..\src\omni\rand.cpp">
      <Filter>OMNI Library</Filter>
    </ClCompile>
    <ClCompile Include="..\src\omni\SIMD.cpp">
      <Filter>OMNI Library</Filter>
    </ClCompile>
    <ClCompile Include="..\src\omni\smart.cpp">
      <Filter>OMNI Library</Filter>
    </ClCompile>
    <ClCompile Include="..\src\omni\sync.cpp">
      <Filter>OMNI Library</Filter>
    </ClCompile>
    <ClCompile Include="..\src\omni\util.cpp">
      <Filter>OMNI Library</Filter>
    </ClCompile>
    <ClCompile Include="..\src\omni\codec.cpp">
      <Filter>OMNI Library\dsp</Filter>
    </ClCompile>
    <ClCompile Include="..\src\omni\delay.cpp">
      <Filter>OMNI Library\dsp</Filter>
    </ClCompile>
    <ClCompile Include="..\src\omni\FHT.cpp">
      <Filter>OMNI Library\dsp</Filter>
    </ClCompile>
    <ClCompile Include="..\src\omni\filter.cpp">
      <Filter>OMNI Library\dsp</Filter>
    </ClCompile>
    <ClCompile Include="..\src\omni\modem.cpp">
      <Filter>OMNI Library\dsp</Filter>
    </ClCompile>
    <ClCompile Include="..\src\test\calc.cpp">
      <Filter>TEST Files</Filter>
    </ClCompile>
    <ClCompile Include="..\src\test\conf.cpp">
      <Filter>TEST Files</Filter>
    </ClCompile>
    <ClCompile Include="..\src\test\matrix.cpp">
      <Filter>TEST Files</Filter>
    </ClCompile>
    <ClCompile Include="..\src\test\pool.cpp">
      <Filter>TEST Files</Filter>
    </ClCompile>
    <ClCompile Include="..\src\test\SIMD.cpp">
      <Filter>TEST Files</Filter>
    </ClCompile>
    <ClCompile Include="..\src\test\smart.cpp">
      <Filter>TEST Files</Filter>
    </ClCompile>
    <ClCompile Include="..\src\test\test.cpp">
      <Filter>TEST Files</Filter>
    </ClCompile>
    <ClCompile Include="..\src\test\util.cpp">
      <Filter>TEST Files</Filter>
    </ClCompile>
    <ClCompile Include="..\main.cpp" />
    <ClCompile Include="..\src\test\misc.cpp">
      <Filter>TEST Files</Filter>
    </ClCompile>
  </ItemGroup>
  <ItemGroup>
    <ClInclude Include="..\src\omni\calc.hpp">
      <Filter>OMNI Library</Filter>
    </ClInclude>
    <ClInclude Include="..\src\omni\conf.hpp">
      <Filter>OMNI Library</Filter>
    </ClInclude>
    <ClInclude Include="..\src\omni\defs.hpp">
      <Filter>OMNI Library</Filter>
    </ClInclude>
    <ClInclude Include="..\src\omni\matmath.hpp">
      <Filter>OMNI Library</Filter>
    </ClInclude>
    <ClInclude Include="..\src\omni\matrix.hpp">
      <Filter>OMNI Library</Filter>
    </ClInclude>
    <ClInclude Include="..\src\omni\misc.hpp">
      <Filter>OMNI Library</Filter>
    </ClInclude>
    <ClInclude Include="..\src\omni\pool.hpp">
      <Filter>OMNI Library</Filter>
    </ClInclude>
    <ClInclude Include="..\src\omni\rand.hpp">
      <Filter>OMNI Library</Filter>
    </ClInclude>
    <ClInclude Include="..\src\omni\SIMD.hpp">
      <Filter>OMNI Library</Filter>
    </ClInclude>
    <ClInclude Include="..\src\omni\smart.hpp">
      <Filter>OMNI Library</Filter>
    </ClInclude>
    <ClInclude Include="..\src\omni\sync.hpp">
      <Filter>OMNI Library</Filter>
    </ClInclude>
    <ClInclude Include="..\src\omni\util.hpp">
      <Filter>OMNI Library</Filter>
    </ClInclude>
    <ClInclude Include="..\src\omni\codec.h">
      <Filter>OMNI Library\dsp</Filter>
    </ClInclude>
    <ClInclude Include="..\src\omni\delay.h">
      <Filter>OMNI Library\dsp</Filter>
    </ClInclude>
    <ClInclude Include="..\src\omni\FHT.hpp">
      <Filter>OMNI Library\dsp</Filter>
    </ClInclude>
    <ClInclude Include="..\src\omni\filter.h">
      <Filter>OMNI Library\dsp</Filter>
    </ClInclude>
    <ClInclude Include="..\src\omni\modem.h">
      <Filter>OMNI Library\dsp</Filter>
    </ClInclude>
    <ClInclude Include="..\src\test\test.hpp">
      <Filter>TEST Files</Filter>
    </ClInclude>
  </ItemGroup>
</Project>